
Microsoft Visual Studio Solution File, Format Version 12.00
# Visual Studio Version 17
VisualStudioVersion = 17.9.34714.143
MinimumVisualStudioVersion = 10.0.40219.1
Project("{FAE04EC0-301F-11D3-BF4B-00C04F79EFBC}") = "Tetris", "Tetris\Tetris.csproj", "{B165E137-B051-4257-89D9-6B041682F815}"
EndProject
Global
	GlobalSection(SolutionConfigurationPlatforms) = preSolution
		Debug|Any CPU = Debug|Any CPU
		Release|Any CPU = Release|Any CPU
	EndGlobalSection
	GlobalSection(ProjectConfigurationPlatforms) = postSolution
		{B165E137-B051-4257-89D9-6B041682F815}.Debug|Any CPU.ActiveCfg = Debug|Any CPU
		{B165E137-B051-4257-89D9-6B041682F815}.Debug|Any CPU.Build.0 = Debug|Any CPU
		{B165E137-B051-4257-89D9-6B041682F815}.Release|Any CPU.ActiveCfg = Release|Any CPU
		{B165E137-B051-4257-89D9-6B041682F815}.Release|Any CPU.Build.0 = Release|Any CPU
	EndGlobalSection
	GlobalSection(SolutionProperties) = preSolution
		HideSolutionNode = FALSE
	EndGlobalSection
	GlobalSection(ExtensibilityGlobals) = postSolution
		SolutionGuid = {9477C435-61B2-4C1D-A1C0-3D3E0E7650B2}
	EndGlobalSection
EndGlobal
